{
  "name": "echo",
  "version": "1.19.0",
  "lockfileVersion": 3,
  "requires": true,
  "packages": {
    "": {
      "name": "echo",
      "version": "1.19.0",
      "license": "MIT",
      "bin": {
        "echo": "bin/echo.js"
      },
      "engines": {
        "node": ">=18"
      }
    }
  }
}
